schema: '2.0'
stages:
  data_collection:
    cmd: python src/data/data_collection.py
    deps:
    - path: src/data/data_collection.py
      hash: md5
      md5: 1387d11358a18ca0f9faae53941b423e
      size: 1936
    params:
      params.yaml:
        data_collection.seed: 42
        data_collection.test_size: 0.2
    outs:
    - path: data/raw
      hash: md5
      md5: c0c2d65c14a603e91e029fda3c344a5c.dir
      size: 522262
      nfiles: 2
  proprocessing:
    cmd: python src/data/data_prep.py
    deps:
    - path: data/raw
      hash: md5
      md5: c0c2d65c14a603e91e029fda3c344a5c.dir
      size: 522262
      nfiles: 2
    - path: src/data/data_prep.py
      hash: md5
      md5: 900ce54a612394a4869439e5d7c07d2f
      size: 1490
    outs:
    - path: data/processed
      hash: md5
      md5: 0beb4adc62d83817b414bed6f535f487.dir
      size: 546895
      nfiles: 2
  model_building:
    cmd: python src/model/model_building.py
    deps:
    - path: data/processed
      hash: md5
      md5: 0beb4adc62d83817b414bed6f535f487.dir
      size: 546895
      nfiles: 2
    - path: src/model/model_building.py
      hash: md5
      md5: 80100aa29ef4e7b13627b1cee93f065d
      size: 1986
    params:
      params.yaml:
        model_building.n_estimators: 1000
    outs:
    - path: models/model.pkl
      hash: md5
      md5: 47acf48027d5cf7c298d95f8d6173991
      size: 73620708
  model_eval:
    cmd: python src/model/model_eval.py
    deps:
    - path: models/model.pkl
      hash: md5
      md5: 47acf48027d5cf7c298d95f8d6173991
      size: 73620708
    - path: src/model/model_eval.py
      hash: md5
      md5: 32e1335363ff3a3d8d8913cab1c543d7
      size: 2199
    outs:
    - path: reports/metrics.json
      hash: md5
      md5: 1eb1f70d65b9c3cd805e9fafe95f70f4
      size: 149
